
Microsoft Visual Studio Solution File, Format Version 12.00
# Visual Studio Version 17
VisualStudioVersion = 17.13.35825.156 d17.13
MinimumVisualStudioVersion = 10.0.40219.1
Project("{FAE04EC0-301F-11D3-BF4B-00C04F79EFBC}") = "iFacts.WebApi", "iFacts.WebApi\iFacts.WebApi.csproj", "{5AE1ECF7-5668-42F6-9AC8-AC8364A2C547}"
EndProject
Project("{FAE04EC0-301F-11D3-BF4B-00C04F79EFBC}") = "iFacts.Data", "iFacts.Data\iFacts.Data.csproj", "{E0BA3977-6618-4A1F-855B-63FFA69E7B80}"
EndProject
Project("{FAE04EC0-301F-11D3-BF4B-00C04F79EFBC}") = "iFacts.Shared", "iFacts.Shared\iFacts.Shared.csproj", "{E9945EDD-EB13-438C-9632-A80833BE6BAF}"
EndProject
Global
	GlobalSection(SolutionConfigurationPlatforms) = preSolution
		Debug|Any CPU = Debug|Any CPU
		Release|Any CPU = Release|Any CPU
	EndGlobalSection
	GlobalSection(ProjectConfigurationPlatforms) = postSolution
		{5AE1ECF7-5668-42F6-9AC8-AC8364A2C547}.Debug|Any CPU.ActiveCfg = Debug|Any CPU
		{5AE1ECF7-5668-42F6-9AC8-AC8364A2C547}.Debug|Any CPU.Build.0 = Debug|Any CPU
		{5AE1ECF7-5668-42F6-9AC8-AC8364A2C547}.Release|Any CPU.ActiveCfg = Release|Any CPU
		{5AE1ECF7-5668-42F6-9AC8-AC8364A2C547}.Release|Any CPU.Build.0 = Release|Any CPU
		{E0BA3977-6618-4A1F-855B-63FFA69E7B80}.Debug|Any CPU.ActiveCfg = Debug|Any CPU
		{E0BA3977-6618-4A1F-855B-63FFA69E7B80}.Debug|Any CPU.Build.0 = Debug|Any CPU
		{E0BA3977-6618-4A1F-855B-63FFA69E7B80}.Release|Any CPU.ActiveCfg = Release|Any CPU
		{E0BA3977-6618-4A1F-855B-63FFA69E7B80}.Release|Any CPU.Build.0 = Release|Any CPU
		{E9945EDD-EB13-438C-9632-A80833BE6BAF}.Debug|Any CPU.ActiveCfg = Debug|Any CPU
		{E9945EDD-EB13-438C-9632-A80833BE6BAF}.Debug|Any CPU.Build.0 = Debug|Any CPU
		{E9945EDD-EB13-438C-9632-A80833BE6BAF}.Release|Any CPU.ActiveCfg = Release|Any CPU
		{E9945EDD-EB13-438C-9632-A80833BE6BAF}.Release|Any CPU.Build.0 = Release|Any CPU
	EndGlobalSection
	GlobalSection(SolutionProperties) = preSolution
		HideSolutionNode = FALSE
	EndGlobalSection
	GlobalSection(ExtensibilityGlobals) = postSolution
		SolutionGuid = {3A2847A7-4565-41BE-BA61-E5E92B549F4B}
	EndGlobalSection
EndGlobal
